
Microsoft Visual Studio Solution File, Format Version 12.00
# Visual Studio Version 17
VisualStudioVersion = 17.2.32630.192
MinimumVisualStudioVersion = 10.0.40219.1
Project("{FAE04EC0-301F-11D3-BF4B-00C04F79EFBC}") = "ex2-11", "ex2-11\ex2-11.csproj", "{E678DD50-FF7D-4CE2-BE12-4502AA9975C4}"
EndProject
Project("{FAE04EC0-301F-11D3-BF4B-00C04F79EFBC}") = "ex2-21", "ex2-21\ex2-21.csproj", "{F7A065EE-4D06-4BAE-917A-571C89998C45}"
EndProject
Project("{FAE04EC0-301F-11D3-BF4B-00C04F79EFBC}") = "ex2-29", "ex2-29\ex2-29.csproj", "{08293939-A788-4AC9-B657-3FEB515CA27F}"
EndProject
Project("{FAE04EC0-301F-11D3-BF4B-00C04F79EFBC}") = "ex2-1", "ex2-1\ex2-1.csproj", "{CE25404F-996B-43E0-9BEA-908628A54B99}"
EndProject
Project("{FAE04EC0-301F-11D3-BF4B-00C04F79EFBC}") = "ex2-2", "ex2-2\ex2-2.csproj", "{691B236D-F040-4998-B236-1A261D3C9024}"
EndProject
Project("{FAE04EC0-301F-11D3-BF4B-00C04F79EFBC}") = "ex2-5", "ex2-5\ex2-5.csproj", "{430F6CDB-5953-4DFD-99A6-AB56D605E1AC}"
EndProject
Project("{FAE04EC0-301F-11D3-BF4B-00C04F79EFBC}") = "ex2-8", "ex2-8\ex2-8.csproj", "{A4CE47EB-106E-4AE7-8F39-3340168C5B36}"
EndProject
Project("{FAE04EC0-301F-11D3-BF4B-00C04F79EFBC}") = "ex2-9", "ex2-9\ex2-9.csproj", "{0B439625-7AF2-42D7-B9FD-B44F905351E1}"
EndProject
Project("{FAE04EC0-301F-11D3-BF4B-00C04F79EFBC}") = "ex2-25", "ex2-25\ex2-25.csproj", "{F3A94F32-311A-45BF-A675-660EAF71003B}"
EndProject
Project("{FAE04EC0-301F-11D3-BF4B-00C04F79EFBC}") = "ex2-30", "ex2-30\ex2-30.csproj", "{E66C23B5-D041-434D-BE04-9D607691CEE3}"
EndProject
Global
	GlobalSection(SolutionConfigurationPlatforms) = preSolution
		Debug|Any CPU = Debug|Any CPU
		Release|Any CPU = Release|Any CPU
	EndGlobalSection
	GlobalSection(ProjectConfigurationPlatforms) = postSolution
		{E678DD50-FF7D-4CE2-BE12-4502AA9975C4}.Debug|Any CPU.ActiveCfg = Debug|Any CPU
		{E678DD50-FF7D-4CE2-BE12-4502AA9975C4}.Debug|Any CPU.Build.0 = Debug|Any CPU
		{E678DD50-FF7D-4CE2-BE12-4502AA9975C4}.Release|Any CPU.ActiveCfg = Release|Any CPU
		{E678DD50-FF7D-4CE2-BE12-4502AA9975C4}.Release|Any CPU.Build.0 = Release|Any CPU
		{F7A065EE-4D06-4BAE-917A-571C89998C45}.Debug|Any CPU.ActiveCfg = Debug|Any CPU
		{F7A065EE-4D06-4BAE-917A-571C89998C45}.Debug|Any CPU.Build.0 = Debug|Any CPU
		{F7A065EE-4D06-4BAE-917A-571C89998C45}.Release|Any CPU.ActiveCfg = Release|Any CPU
		{F7A065EE-4D06-4BAE-917A-571C89998C45}.Release|Any CPU.Build.0 = Release|Any CPU
		{08293939-A788-4AC9-B657-3FEB515CA27F}.Debug|Any CPU.ActiveCfg = Debug|Any CPU
		{08293939-A788-4AC9-B657-3FEB515CA27F}.Debug|Any CPU.Build.0 = Debug|Any CPU
		{08293939-A788-4AC9-B657-3FEB515CA27F}.Release|Any CPU.ActiveCfg = Release|Any CPU
		{08293939-A788-4AC9-B657-3FEB515CA27F}.Release|Any CPU.Build.0 = Release|Any CPU
		{CE25404F-996B-43E0-9BEA-908628A54B99}.Debug|Any CPU.ActiveCfg = Debug|Any CPU
		{CE25404F-996B-43E0-9BEA-908628A54B99}.Debug|Any CPU.Build.0 = Debug|Any CPU
		{CE25404F-996B-43E0-9BEA-908628A54B99}.Release|Any CPU.ActiveCfg = Release|Any CPU
		{CE25404F-996B-43E0-9BEA-908628A54B99}.Release|Any CPU.Build.0 = Release|Any CPU
		{691B236D-F040-4998-B236-1A261D3C9024}.Debug|Any CPU.ActiveCfg = Debug|Any CPU
		{691B236D-F040-4998-B236-1A261D3C9024}.Debug|Any CPU.Build.0 = Debug|Any CPU
		{691B236D-F040-4998-B236-1A261D3C9024}.Release|Any CPU.ActiveCfg = Release|Any CPU
		{691B236D-F040-4998-B236-1A261D3C9024}.Release|Any CPU.Build.0 = Release|Any CPU
		{430F6CDB-5953-4DFD-99A6-AB56D605E1AC}.Debug|Any CPU.ActiveCfg = Debug|Any CPU
		{430F6CDB-5953-4DFD-99A6-AB56D605E1AC}.Debug|Any CPU.Build.0 = Debug|Any CPU
		{430F6CDB-5953-4DFD-99A6-AB56D605E1AC}.Release|Any CPU.ActiveCfg = Release|Any CPU
		{430F6CDB-5953-4DFD-99A6-AB56D605E1AC}.Release|Any CPU.Build.0 = Release|Any CPU
		{A4CE47EB-106E-4AE7-8F39-3340168C5B36}.Debug|Any CPU.ActiveCfg = Debug|Any CPU
		{A4CE47EB-106E-4AE7-8F39-3340168C5B36}.Debug|Any CPU.Build.0 = Debug|Any CPU
		{A4CE47EB-106E-4AE7-8F39-3340168C5B36}.Release|Any CPU.ActiveCfg = Release|Any CPU
		{A4CE47EB-106E-4AE7-8F39-3340168C5B36}.Release|Any CPU.Build.0 = Release|Any CPU
		{0B439625-7AF2-42D7-B9FD-B44F905351E1}.Debug|Any CPU.ActiveCfg = Debug|Any CPU
		{0B439625-7AF2-42D7-B9FD-B44F905351E1}.Debug|Any CPU.Build.0 = Debug|Any CPU
		{0B439625-7AF2-42D7-B9FD-B44F905351E1}.Release|Any CPU.ActiveCfg = Release|Any CPU
		{0B439625-7AF2-42D7-B9FD-B44F905351E1}.Release|Any CPU.Build.0 = Release|Any CPU
		{F3A94F32-311A-45BF-A675-660EAF71003B}.Debug|Any CPU.ActiveCfg = Debug|Any CPU
		{F3A94F32-311A-45BF-A675-660EAF71003B}.Debug|Any CPU.Build.0 = Debug|Any CPU
		{F3A94F32-311A-45BF-A675-660EAF71003B}.Release|Any CPU.ActiveCfg = Release|Any CPU
		{F3A94F32-311A-45BF-A675-660EAF71003B}.Release|Any CPU.Build.0 = Release|Any CPU
		{E66C23B5-D041-434D-BE04-9D607691CEE3}.Debug|Any CPU.ActiveCfg = Debug|Any CPU
		{E66C23B5-D041-434D-BE04-9D607691CEE3}.Debug|Any CPU.Build.0 = Debug|Any CPU
		{E66C23B5-D041-434D-BE04-9D607691CEE3}.Release|Any CPU.ActiveCfg = Release|Any CPU
		{E66C23B5-D041-434D-BE04-9D607691CEE3}.Release|Any CPU.Build.0 = Release|Any CPU
	EndGlobalSection
	GlobalSection(SolutionProperties) = preSolution
		HideSolutionNode = FALSE
	EndGlobalSection
	GlobalSection(ExtensibilityGlobals) = postSolution
		SolutionGuid = {A089FAF8-6FE5-4C57-AC49-082B8472B55C}
	EndGlobalSection
EndGlobal
