
Microsoft Visual Studio Solution File, Format Version 12.00
# Visual Studio Version 17
VisualStudioVersion = 17.2.32630.192
MinimumVisualStudioVersion = 10.0.40219.1
Project("{FAE04EC0-301F-11D3-BF4B-00C04F79EFBC}") = "ch4-11", "ch4-11\ch4-11.csproj", "{A7D06DCF-052F-45FF-BE60-B5545ECED7E1}"
EndProject
Project("{FAE04EC0-301F-11D3-BF4B-00C04F79EFBC}") = "ch4-13", "ch4-13\ch4-13.csproj", "{93C5CD63-7918-45CC-AD30-E80240B04475}"
EndProject
Project("{FAE04EC0-301F-11D3-BF4B-00C04F79EFBC}") = "ch4-16", "ch4-16\ch4-16.csproj", "{8BB80757-D1A5-4006-A0C3-D1CFF262C9D6}"
EndProject
Global
	GlobalSection(SolutionConfigurationPlatforms) = preSolution
		Debug|Any CPU = Debug|Any CPU
		Release|Any CPU = Release|Any CPU
	EndGlobalSection
	GlobalSection(ProjectConfigurationPlatforms) = postSolution
		{A7D06DCF-052F-45FF-BE60-B5545ECED7E1}.Debug|Any CPU.ActiveCfg = Debug|Any CPU
		{A7D06DCF-052F-45FF-BE60-B5545ECED7E1}.Debug|Any CPU.Build.0 = Debug|Any CPU
		{A7D06DCF-052F-45FF-BE60-B5545ECED7E1}.Release|Any CPU.ActiveCfg = Release|Any CPU
		{A7D06DCF-052F-45FF-BE60-B5545ECED7E1}.Release|Any CPU.Build.0 = Release|Any CPU
		{93C5CD63-7918-45CC-AD30-E80240B04475}.Debug|Any CPU.ActiveCfg = Debug|Any CPU
		{93C5CD63-7918-45CC-AD30-E80240B04475}.Debug|Any CPU.Build.0 = Debug|Any CPU
		{93C5CD63-7918-45CC-AD30-E80240B04475}.Release|Any CPU.ActiveCfg = Release|Any CPU
		{93C5CD63-7918-45CC-AD30-E80240B04475}.Release|Any CPU.Build.0 = Release|Any CPU
		{8BB80757-D1A5-4006-A0C3-D1CFF262C9D6}.Debug|Any CPU.ActiveCfg = Debug|Any CPU
		{8BB80757-D1A5-4006-A0C3-D1CFF262C9D6}.Debug|Any CPU.Build.0 = Debug|Any CPU
		{8BB80757-D1A5-4006-A0C3-D1CFF262C9D6}.Release|Any CPU.ActiveCfg = Release|Any CPU
		{8BB80757-D1A5-4006-A0C3-D1CFF262C9D6}.Release|Any CPU.Build.0 = Release|Any CPU
	EndGlobalSection
	GlobalSection(SolutionProperties) = preSolution
		HideSolutionNode = FALSE
	EndGlobalSection
	GlobalSection(ExtensibilityGlobals) = postSolution
		SolutionGuid = {EE1C354F-2437-4ED3-8926-A5CAF3153304}
	EndGlobalSection
EndGlobal
