
Microsoft Visual Studio Solution File, Format Version 12.00
# Visual Studio Version 17
VisualStudioVersion = 17.2.32630.192
MinimumVisualStudioVersion = 10.0.40219.1
Project("{FAE04EC0-301F-11D3-BF4B-00C04F79EFBC}") = "ch4-11", "ch4-11\ch4-11.csproj", "{A7D06DCF-052F-45FF-BE60-B5545ECED7E1}"
EndProject
Project("{FAE04EC0-301F-11D3-BF4B-00C04F79EFBC}") = "ch4-13", "ch4-13\ch4-13.csproj", "{93C5CD63-7918-45CC-AD30-E80240B04475}"
EndProject
Project("{FAE04EC0-301F-11D3-BF4B-00C04F79EFBC}") = "ch4-16", "ch4-16\ch4-16.csproj", "{8BB80757-D1A5-4006-A0C3-D1CFF262C9D6}"
EndProject
Project("{FAE04EC0-301F-11D3-BF4B-00C04F79EFBC}") = "ex4-2", "ex4-2\ex4-2.csproj", "{585EE018-CD83-46B2-BD5F-347AA39CDCA1}"
EndProject
Project("{FAE04EC0-301F-11D3-BF4B-00C04F79EFBC}") = "ex4-4", "ex4-4\ex4-4.csproj", "{078315C3-7DF1-42F0-A894-A8E88D491ED9}"
EndProject
Project("{FAE04EC0-301F-11D3-BF4B-00C04F79EFBC}") = "ex4-5", "ex4-5\ex4-5.csproj", "{7EB0DABC-F24F-44B6-ABE7-6CF5D63BE7D0}"
EndProject
Project("{FAE04EC0-301F-11D3-BF4B-00C04F79EFBC}") = "ex4-6", "ex4-6\ex4-6.csproj", "{0DCE00B8-D650-4BCE-8FED-4B97BDA1CFDA}"
EndProject
Global
	GlobalSection(SolutionConfigurationPlatforms) = preSolution
		Debug|Any CPU = Debug|Any CPU
		Release|Any CPU = Release|Any CPU
	EndGlobalSection
	GlobalSection(ProjectConfigurationPlatforms) = postSolution
		{A7D06DCF-052F-45FF-BE60-B5545ECED7E1}.Debug|Any CPU.ActiveCfg = Debug|Any CPU
		{A7D06DCF-052F-45FF-BE60-B5545ECED7E1}.Debug|Any CPU.Build.0 = Debug|Any CPU
		{A7D06DCF-052F-45FF-BE60-B5545ECED7E1}.Release|Any CPU.ActiveCfg = Release|Any CPU
		{A7D06DCF-052F-45FF-BE60-B5545ECED7E1}.Release|Any CPU.Build.0 = Release|Any CPU
		{93C5CD63-7918-45CC-AD30-E80240B04475}.Debug|Any CPU.ActiveCfg = Debug|Any CPU
		{93C5CD63-7918-45CC-AD30-E80240B04475}.Debug|Any CPU.Build.0 = Debug|Any CPU
		{93C5CD63-7918-45CC-AD30-E80240B04475}.Release|Any CPU.ActiveCfg = Release|Any CPU
		{93C5CD63-7918-45CC-AD30-E80240B04475}.Release|Any CPU.Build.0 = Release|Any CPU
		{8BB80757-D1A5-4006-A0C3-D1CFF262C9D6}.Debug|Any CPU.ActiveCfg = Debug|Any CPU
		{8BB80757-D1A5-4006-A0C3-D1CFF262C9D6}.Debug|Any CPU.Build.0 = Debug|Any CPU
		{8BB80757-D1A5-4006-A0C3-D1CFF262C9D6}.Release|Any CPU.ActiveCfg = Release|Any CPU
		{8BB80757-D1A5-4006-A0C3-D1CFF262C9D6}.Release|Any CPU.Build.0 = Release|Any CPU
		{585EE018-CD83-46B2-BD5F-347AA39CDCA1}.Debug|Any CPU.ActiveCfg = Debug|Any CPU
		{585EE018-CD83-46B2-BD5F-347AA39CDCA1}.Debug|Any CPU.Build.0 = Debug|Any CPU
		{585EE018-CD83-46B2-BD5F-347AA39CDCA1}.Release|Any CPU.ActiveCfg = Release|Any CPU
		{585EE018-CD83-46B2-BD5F-347AA39CDCA1}.Release|Any CPU.Build.0 = Release|Any CPU
		{078315C3-7DF1-42F0-A894-A8E88D491ED9}.Debug|Any CPU.ActiveCfg = Debug|Any CPU
		{078315C3-7DF1-42F0-A894-A8E88D491ED9}.Debug|Any CPU.Build.0 = Debug|Any CPU
		{078315C3-7DF1-42F0-A894-A8E88D491ED9}.Release|Any CPU.ActiveCfg = Release|Any CPU
		{078315C3-7DF1-42F0-A894-A8E88D491ED9}.Release|Any CPU.Build.0 = Release|Any CPU
		{7EB0DABC-F24F-44B6-ABE7-6CF5D63BE7D0}.Debug|Any CPU.ActiveCfg = Debug|Any CPU
		{7EB0DABC-F24F-44B6-ABE7-6CF5D63BE7D0}.Debug|Any CPU.Build.0 = Debug|Any CPU
		{7EB0DABC-F24F-44B6-ABE7-6CF5D63BE7D0}.Release|Any CPU.ActiveCfg = Release|Any CPU
		{7EB0DABC-F24F-44B6-ABE7-6CF5D63BE7D0}.Release|Any CPU.Build.0 = Release|Any CPU
		{0DCE00B8-D650-4BCE-8FED-4B97BDA1CFDA}.Debug|Any CPU.ActiveCfg = Debug|Any CPU
		{0DCE00B8-D650-4BCE-8FED-4B97BDA1CFDA}.Debug|Any CPU.Build.0 = Debug|Any CPU
		{0DCE00B8-D650-4BCE-8FED-4B97BDA1CFDA}.Release|Any CPU.ActiveCfg = Release|Any CPU
		{0DCE00B8-D650-4BCE-8FED-4B97BDA1CFDA}.Release|Any CPU.Build.0 = Release|Any CPU
	EndGlobalSection
	GlobalSection(SolutionProperties) = preSolution
		HideSolutionNode = FALSE
	EndGlobalSection
	GlobalSection(ExtensibilityGlobals) = postSolution
		SolutionGuid = {EE1C354F-2437-4ED3-8926-A5CAF3153304}
	EndGlobalSection
EndGlobal
