
Microsoft Visual Studio Solution File, Format Version 12.00
# Visual Studio Version 17
VisualStudioVersion = 17.2.32630.192
MinimumVisualStudioVersion = 10.0.40219.1
Project("{FAE04EC0-301F-11D3-BF4B-00C04F79EFBC}") = "ch4-11", "ch4-11\ch4-11.csproj", "{A7D06DCF-052F-45FF-BE60-B5545ECED7E1}"
EndProject
Project("{FAE04EC0-301F-11D3-BF4B-00C04F79EFBC}") = "ch4-13", "ch4-13\ch4-13.csproj", "{93C5CD63-7918-45CC-AD30-E80240B04475}"
EndProject
Project("{FAE04EC0-301F-11D3-BF4B-00C04F79EFBC}") = "ch4-16", "ch4-16\ch4-16.csproj", "{8BB80757-D1A5-4006-A0C3-D1CFF262C9D6}"
EndProject
Project("{FAE04EC0-301F-11D3-BF4B-00C04F79EFBC}") = "ex4-2", "ex4-2\ex4-2.csproj", "{585EE018-CD83-46B2-BD5F-347AA39CDCA1}"
EndProject
Project("{FAE04EC0-301F-11D3-BF4B-00C04F79EFBC}") = "ex4-4", "ex4-4\ex4-4.csproj", "{078315C3-7DF1-42F0-A894-A8E88D491ED9}"
EndProject
Project("{FAE04EC0-301F-11D3-BF4B-00C04F79EFBC}") = "ex4-5", "ex4-5\ex4-5.csproj", "{7EB0DABC-F24F-44B6-ABE7-6CF5D63BE7D0}"
EndProject
Project("{FAE04EC0-301F-11D3-BF4B-00C04F79EFBC}") = "ex4-6", "ex4-6\ex4-6.csproj", "{0DCE00B8-D650-4BCE-8FED-4B97BDA1CFDA}"
EndProject
Project("{FAE04EC0-301F-11D3-BF4B-00C04F79EFBC}") = "ch4-17", "ch4-17\ch4-17.csproj", "{80357494-1C2B-418B-801A-7FD6143AF1BD}"
EndProject
Project("{FAE04EC0-301F-11D3-BF4B-00C04F79EFBC}") = "ex4-18", "ex4-18\ex4-18.csproj", "{69FB4CCF-4283-479C-8F02-D68AF6C3DC38}"
EndProject
Project("{FAE04EC0-301F-11D3-BF4B-00C04F79EFBC}") = "ex4-14", "ex4-14\ex4-14.csproj", "{9C4A95EA-3C5F-4CD7-8829-0D31C34D2CD4}"
EndProject
Project("{FAE04EC0-301F-11D3-BF4B-00C04F79EFBC}") = "ex4-24", "ex4-24\ex4-24.csproj", "{E126B173-8ED1-4EDC-93F2-B37598B8F4CB}"
EndProject
Project("{FAE04EC0-301F-11D3-BF4B-00C04F79EFBC}") = "ex4-25", "ex4-25\ex4-25.csproj", "{B1F69ECF-1B50-4F2C-850B-9B6830044E82}"
EndProject
Project("{FAE04EC0-301F-11D3-BF4B-00C04F79EFBC}") = "ex4-26", "ex4-26\ex4-26.csproj", "{50C41C9E-AD89-4638-BFCA-D049ACD3B8A2}"
EndProject
Project("{FAE04EC0-301F-11D3-BF4B-00C04F79EFBC}") = "ex4-9", "ex4-9\ex4-9.csproj", "{4F452EF3-5817-4F78-817F-98F2DBC53766}"
EndProject
Global
	GlobalSection(SolutionConfigurationPlatforms) = preSolution
		Debug|Any CPU = Debug|Any CPU
		Release|Any CPU = Release|Any CPU
	EndGlobalSection
	GlobalSection(ProjectConfigurationPlatforms) = postSolution
		{A7D06DCF-052F-45FF-BE60-B5545ECED7E1}.Debug|Any CPU.ActiveCfg = Debug|Any CPU
		{A7D06DCF-052F-45FF-BE60-B5545ECED7E1}.Debug|Any CPU.Build.0 = Debug|Any CPU
		{A7D06DCF-052F-45FF-BE60-B5545ECED7E1}.Release|Any CPU.ActiveCfg = Release|Any CPU
		{A7D06DCF-052F-45FF-BE60-B5545ECED7E1}.Release|Any CPU.Build.0 = Release|Any CPU
		{93C5CD63-7918-45CC-AD30-E80240B04475}.Debug|Any CPU.ActiveCfg = Debug|Any CPU
		{93C5CD63-7918-45CC-AD30-E80240B04475}.Debug|Any CPU.Build.0 = Debug|Any CPU
		{93C5CD63-7918-45CC-AD30-E80240B04475}.Release|Any CPU.ActiveCfg = Release|Any CPU
		{93C5CD63-7918-45CC-AD30-E80240B04475}.Release|Any CPU.Build.0 = Release|Any CPU
		{8BB80757-D1A5-4006-A0C3-D1CFF262C9D6}.Debug|Any CPU.ActiveCfg = Debug|Any CPU
		{8BB80757-D1A5-4006-A0C3-D1CFF262C9D6}.Debug|Any CPU.Build.0 = Debug|Any CPU
		{8BB80757-D1A5-4006-A0C3-D1CFF262C9D6}.Release|Any CPU.ActiveCfg = Release|Any CPU
		{8BB80757-D1A5-4006-A0C3-D1CFF262C9D6}.Release|Any CPU.Build.0 = Release|Any CPU
		{585EE018-CD83-46B2-BD5F-347AA39CDCA1}.Debug|Any CPU.ActiveCfg = Debug|Any CPU
		{585EE018-CD83-46B2-BD5F-347AA39CDCA1}.Debug|Any CPU.Build.0 = Debug|Any CPU
		{585EE018-CD83-46B2-BD5F-347AA39CDCA1}.Release|Any CPU.ActiveCfg = Release|Any CPU
		{585EE018-CD83-46B2-BD5F-347AA39CDCA1}.Release|Any CPU.Build.0 = Release|Any CPU
		{078315C3-7DF1-42F0-A894-A8E88D491ED9}.Debug|Any CPU.ActiveCfg = Debug|Any CPU
		{078315C3-7DF1-42F0-A894-A8E88D491ED9}.Debug|Any CPU.Build.0 = Debug|Any CPU
		{078315C3-7DF1-42F0-A894-A8E88D491ED9}.Release|Any CPU.ActiveCfg = Release|Any CPU
		{078315C3-7DF1-42F0-A894-A8E88D491ED9}.Release|Any CPU.Build.0 = Release|Any CPU
		{7EB0DABC-F24F-44B6-ABE7-6CF5D63BE7D0}.Debug|Any CPU.ActiveCfg = Debug|Any CPU
		{7EB0DABC-F24F-44B6-ABE7-6CF5D63BE7D0}.Debug|Any CPU.Build.0 = Debug|Any CPU
		{7EB0DABC-F24F-44B6-ABE7-6CF5D63BE7D0}.Release|Any CPU.ActiveCfg = Release|Any CPU
		{7EB0DABC-F24F-44B6-ABE7-6CF5D63BE7D0}.Release|Any CPU.Build.0 = Release|Any CPU
		{0DCE00B8-D650-4BCE-8FED-4B97BDA1CFDA}.Debug|Any CPU.ActiveCfg = Debug|Any CPU
		{0DCE00B8-D650-4BCE-8FED-4B97BDA1CFDA}.Debug|Any CPU.Build.0 = Debug|Any CPU
		{0DCE00B8-D650-4BCE-8FED-4B97BDA1CFDA}.Release|Any CPU.ActiveCfg = Release|Any CPU
		{0DCE00B8-D650-4BCE-8FED-4B97BDA1CFDA}.Release|Any CPU.Build.0 = Release|Any CPU
		{80357494-1C2B-418B-801A-7FD6143AF1BD}.Debug|Any CPU.ActiveCfg = Debug|Any CPU
		{80357494-1C2B-418B-801A-7FD6143AF1BD}.Debug|Any CPU.Build.0 = Debug|Any CPU
		{80357494-1C2B-418B-801A-7FD6143AF1BD}.Release|Any CPU.ActiveCfg = Release|Any CPU
		{80357494-1C2B-418B-801A-7FD6143AF1BD}.Release|Any CPU.Build.0 = Release|Any CPU
		{69FB4CCF-4283-479C-8F02-D68AF6C3DC38}.Debug|Any CPU.ActiveCfg = Debug|Any CPU
		{69FB4CCF-4283-479C-8F02-D68AF6C3DC38}.Debug|Any CPU.Build.0 = Debug|Any CPU
		{69FB4CCF-4283-479C-8F02-D68AF6C3DC38}.Release|Any CPU.ActiveCfg = Release|Any CPU
		{69FB4CCF-4283-479C-8F02-D68AF6C3DC38}.Release|Any CPU.Build.0 = Release|Any CPU
		{9C4A95EA-3C5F-4CD7-8829-0D31C34D2CD4}.Debug|Any CPU.ActiveCfg = Debug|Any CPU
		{9C4A95EA-3C5F-4CD7-8829-0D31C34D2CD4}.Debug|Any CPU.Build.0 = Debug|Any CPU
		{9C4A95EA-3C5F-4CD7-8829-0D31C34D2CD4}.Release|Any CPU.ActiveCfg = Release|Any CPU
		{9C4A95EA-3C5F-4CD7-8829-0D31C34D2CD4}.Release|Any CPU.Build.0 = Release|Any CPU
		{E126B173-8ED1-4EDC-93F2-B37598B8F4CB}.Debug|Any CPU.ActiveCfg = Debug|Any CPU
		{E126B173-8ED1-4EDC-93F2-B37598B8F4CB}.Debug|Any CPU.Build.0 = Debug|Any CPU
		{E126B173-8ED1-4EDC-93F2-B37598B8F4CB}.Release|Any CPU.ActiveCfg = Release|Any CPU
		{E126B173-8ED1-4EDC-93F2-B37598B8F4CB}.Release|Any CPU.Build.0 = Release|Any CPU
		{B1F69ECF-1B50-4F2C-850B-9B6830044E82}.Debug|Any CPU.ActiveCfg = Debug|Any CPU
		{B1F69ECF-1B50-4F2C-850B-9B6830044E82}.Debug|Any CPU.Build.0 = Debug|Any CPU
		{B1F69ECF-1B50-4F2C-850B-9B6830044E82}.Release|Any CPU.ActiveCfg = Release|Any CPU
		{B1F69ECF-1B50-4F2C-850B-9B6830044E82}.Release|Any CPU.Build.0 = Release|Any CPU
		{50C41C9E-AD89-4638-BFCA-D049ACD3B8A2}.Debug|Any CPU.ActiveCfg = Debug|Any CPU
		{50C41C9E-AD89-4638-BFCA-D049ACD3B8A2}.Debug|Any CPU.Build.0 = Debug|Any CPU
		{50C41C9E-AD89-4638-BFCA-D049ACD3B8A2}.Release|Any CPU.ActiveCfg = Release|Any CPU
		{50C41C9E-AD89-4638-BFCA-D049ACD3B8A2}.Release|Any CPU.Build.0 = Release|Any CPU
		{4F452EF3-5817-4F78-817F-98F2DBC53766}.Debug|Any CPU.ActiveCfg = Debug|Any CPU
		{4F452EF3-5817-4F78-817F-98F2DBC53766}.Debug|Any CPU.Build.0 = Debug|Any CPU
		{4F452EF3-5817-4F78-817F-98F2DBC53766}.Release|Any CPU.ActiveCfg = Release|Any CPU
		{4F452EF3-5817-4F78-817F-98F2DBC53766}.Release|Any CPU.Build.0 = Release|Any CPU
	EndGlobalSection
	GlobalSection(SolutionProperties) = preSolution
		HideSolutionNode = FALSE
	EndGlobalSection
	GlobalSection(ExtensibilityGlobals) = postSolution
		SolutionGuid = {EE1C354F-2437-4ED3-8926-A5CAF3153304}
	EndGlobalSection
EndGlobal
