
Microsoft Visual Studio Solution File, Format Version 12.00
# Visual Studio Version 17
VisualStudioVersion = 17.2.32630.192
MinimumVisualStudioVersion = 10.0.40219.1
Project("{FAE04EC0-301F-11D3-BF4B-00C04F79EFBC}") = "ex6-1", "ex6-1\ex6-1.csproj", "{EBD3B9C5-1ED5-4F3F-ADB0-910AAAEF5F32}"
EndProject
Project("{FAE04EC0-301F-11D3-BF4B-00C04F79EFBC}") = "ex6-3", "ex6-3\ex6-3.csproj", "{00D06F23-12D0-412F-9E17-81E64454EA5A}"
EndProject
Project("{FAE04EC0-301F-11D3-BF4B-00C04F79EFBC}") = "ex6-8", "ex6-8\ex6-8.csproj", "{571657D7-3441-4327-9A71-243AFA1B8207}"
EndProject
Project("{FAE04EC0-301F-11D3-BF4B-00C04F79EFBC}") = "ex6-9", "ex6-9\ex6-9.csproj", "{0D1979DB-48D8-4979-B311-E1F8E5B83D9D}"
EndProject
Project("{FAE04EC0-301F-11D3-BF4B-00C04F79EFBC}") = "ex6-15", "ex6-15\ex6-15.csproj", "{FAA78E83-C33E-47FF-9987-8AD93D808892}"
EndProject
Project("{FAE04EC0-301F-11D3-BF4B-00C04F79EFBC}") = "FormExceptionExample", "FormExceptionExample\FormExceptionExample.csproj", "{5810B3B5-F0A2-44F3-83FA-C74FDEE05E22}"
EndProject
Project("{FAE04EC0-301F-11D3-BF4B-00C04F79EFBC}") = "ex6-18", "ex6-18\ex6-18.csproj", "{691FA937-E466-40F7-81C9-81FD9CD1F518}"
EndProject
Project("{FAE04EC0-301F-11D3-BF4B-00C04F79EFBC}") = "ex6-20", "ex6-20\ex6-20.csproj", "{C068CDDE-C190-452C-8139-BEC99A238961}"
EndProject
Project("{FAE04EC0-301F-11D3-BF4B-00C04F79EFBC}") = "ex6-23", "ex6-23\ex6-23.csproj", "{E6A1ADF0-CE27-4DDC-BDD8-6D77DDC61F1F}"
EndProject
Project("{FAE04EC0-301F-11D3-BF4B-00C04F79EFBC}") = "ex6-24", "ex6-24\ex6-24.csproj", "{FF1A1C73-F8B4-4654-ABFB-1C60D2B78741}"
EndProject
Project("{FAE04EC0-301F-11D3-BF4B-00C04F79EFBC}") = "ex6-25", "ex6-25\ex6-25.csproj", "{FA250079-D76E-4786-A8C4-628325A0B078}"
EndProject
Project("{FAE04EC0-301F-11D3-BF4B-00C04F79EFBC}") = "GraphicsWithThreads", "GraphicsWithThreads\GraphicsWithThreads.csproj", "{06333B66-2B6A-4668-B571-4918FCB506DA}"
EndProject
Project("{FAE04EC0-301F-11D3-BF4B-00C04F79EFBC}") = "ex6-4", "ex6-4\ex6-4.csproj", "{34D1541F-F058-4F91-8289-6985CD0A21AE}"
EndProject
Project("{FAE04EC0-301F-11D3-BF4B-00C04F79EFBC}") = "ex6-16", "ex6-16\ex6-16.csproj", "{CF3BDDF5-7E5E-456C-A643-DC8AF9612EBB}"
EndProject
Project("{FAE04EC0-301F-11D3-BF4B-00C04F79EFBC}") = "ex6-17", "ex6-17\ex6-17.csproj", "{C32D658E-2D8E-43AA-A79C-1450AC8A180A}"
EndProject
Project("{FAE04EC0-301F-11D3-BF4B-00C04F79EFBC}") = "ex6-19", "ex6-19\ex6-19.csproj", "{042C35D9-CB9F-4023-9CF3-AE5893D9E3CC}"
EndProject
Global
	GlobalSection(SolutionConfigurationPlatforms) = preSolution
		Debug|Any CPU = Debug|Any CPU
		Release|Any CPU = Release|Any CPU
	EndGlobalSection
	GlobalSection(ProjectConfigurationPlatforms) = postSolution
		{EBD3B9C5-1ED5-4F3F-ADB0-910AAAEF5F32}.Debug|Any CPU.ActiveCfg = Debug|Any CPU
		{EBD3B9C5-1ED5-4F3F-ADB0-910AAAEF5F32}.Debug|Any CPU.Build.0 = Debug|Any CPU
		{EBD3B9C5-1ED5-4F3F-ADB0-910AAAEF5F32}.Release|Any CPU.ActiveCfg = Release|Any CPU
		{EBD3B9C5-1ED5-4F3F-ADB0-910AAAEF5F32}.Release|Any CPU.Build.0 = Release|Any CPU
		{00D06F23-12D0-412F-9E17-81E64454EA5A}.Debug|Any CPU.ActiveCfg = Debug|Any CPU
		{00D06F23-12D0-412F-9E17-81E64454EA5A}.Debug|Any CPU.Build.0 = Debug|Any CPU
		{00D06F23-12D0-412F-9E17-81E64454EA5A}.Release|Any CPU.ActiveCfg = Release|Any CPU
		{00D06F23-12D0-412F-9E17-81E64454EA5A}.Release|Any CPU.Build.0 = Release|Any CPU
		{571657D7-3441-4327-9A71-243AFA1B8207}.Debug|Any CPU.ActiveCfg = Debug|Any CPU
		{571657D7-3441-4327-9A71-243AFA1B8207}.Debug|Any CPU.Build.0 = Debug|Any CPU
		{571657D7-3441-4327-9A71-243AFA1B8207}.Release|Any CPU.ActiveCfg = Release|Any CPU
		{571657D7-3441-4327-9A71-243AFA1B8207}.Release|Any CPU.Build.0 = Release|Any CPU
		{0D1979DB-48D8-4979-B311-E1F8E5B83D9D}.Debug|Any CPU.ActiveCfg = Debug|Any CPU
		{0D1979DB-48D8-4979-B311-E1F8E5B83D9D}.Debug|Any CPU.Build.0 = Debug|Any CPU
		{0D1979DB-48D8-4979-B311-E1F8E5B83D9D}.Release|Any CPU.ActiveCfg = Release|Any CPU
		{0D1979DB-48D8-4979-B311-E1F8E5B83D9D}.Release|Any CPU.Build.0 = Release|Any CPU
		{FAA78E83-C33E-47FF-9987-8AD93D808892}.Debug|Any CPU.ActiveCfg = Debug|Any CPU
		{FAA78E83-C33E-47FF-9987-8AD93D808892}.Debug|Any CPU.Build.0 = Debug|Any CPU
		{FAA78E83-C33E-47FF-9987-8AD93D808892}.Release|Any CPU.ActiveCfg = Release|Any CPU
		{FAA78E83-C33E-47FF-9987-8AD93D808892}.Release|Any CPU.Build.0 = Release|Any CPU
		{5810B3B5-F0A2-44F3-83FA-C74FDEE05E22}.Debug|Any CPU.ActiveCfg = Debug|Any CPU
		{5810B3B5-F0A2-44F3-83FA-C74FDEE05E22}.Debug|Any CPU.Build.0 = Debug|Any CPU
		{5810B3B5-F0A2-44F3-83FA-C74FDEE05E22}.Release|Any CPU.ActiveCfg = Release|Any CPU
		{5810B3B5-F0A2-44F3-83FA-C74FDEE05E22}.Release|Any CPU.Build.0 = Release|Any CPU
		{691FA937-E466-40F7-81C9-81FD9CD1F518}.Debug|Any CPU.ActiveCfg = Debug|Any CPU
		{691FA937-E466-40F7-81C9-81FD9CD1F518}.Debug|Any CPU.Build.0 = Debug|Any CPU
		{691FA937-E466-40F7-81C9-81FD9CD1F518}.Release|Any CPU.ActiveCfg = Release|Any CPU
		{691FA937-E466-40F7-81C9-81FD9CD1F518}.Release|Any CPU.Build.0 = Release|Any CPU
		{C068CDDE-C190-452C-8139-BEC99A238961}.Debug|Any CPU.ActiveCfg = Debug|Any CPU
		{C068CDDE-C190-452C-8139-BEC99A238961}.Debug|Any CPU.Build.0 = Debug|Any CPU
		{C068CDDE-C190-452C-8139-BEC99A238961}.Release|Any CPU.ActiveCfg = Release|Any CPU
		{C068CDDE-C190-452C-8139-BEC99A238961}.Release|Any CPU.Build.0 = Release|Any CPU
		{E6A1ADF0-CE27-4DDC-BDD8-6D77DDC61F1F}.Debug|Any CPU.ActiveCfg = Debug|Any CPU
		{E6A1ADF0-CE27-4DDC-BDD8-6D77DDC61F1F}.Debug|Any CPU.Build.0 = Debug|Any CPU
		{E6A1ADF0-CE27-4DDC-BDD8-6D77DDC61F1F}.Release|Any CPU.ActiveCfg = Release|Any CPU
		{E6A1ADF0-CE27-4DDC-BDD8-6D77DDC61F1F}.Release|Any CPU.Build.0 = Release|Any CPU
		{FF1A1C73-F8B4-4654-ABFB-1C60D2B78741}.Debug|Any CPU.ActiveCfg = Debug|Any CPU
		{FF1A1C73-F8B4-4654-ABFB-1C60D2B78741}.Debug|Any CPU.Build.0 = Debug|Any CPU
		{FF1A1C73-F8B4-4654-ABFB-1C60D2B78741}.Release|Any CPU.ActiveCfg = Release|Any CPU
		{FF1A1C73-F8B4-4654-ABFB-1C60D2B78741}.Release|Any CPU.Build.0 = Release|Any CPU
		{FA250079-D76E-4786-A8C4-628325A0B078}.Debug|Any CPU.ActiveCfg = Debug|Any CPU
		{FA250079-D76E-4786-A8C4-628325A0B078}.Debug|Any CPU.Build.0 = Debug|Any CPU
		{FA250079-D76E-4786-A8C4-628325A0B078}.Release|Any CPU.ActiveCfg = Release|Any CPU
		{FA250079-D76E-4786-A8C4-628325A0B078}.Release|Any CPU.Build.0 = Release|Any CPU
		{06333B66-2B6A-4668-B571-4918FCB506DA}.Debug|Any CPU.ActiveCfg = Debug|Any CPU
		{06333B66-2B6A-4668-B571-4918FCB506DA}.Debug|Any CPU.Build.0 = Debug|Any CPU
		{06333B66-2B6A-4668-B571-4918FCB506DA}.Release|Any CPU.ActiveCfg = Release|Any CPU
		{06333B66-2B6A-4668-B571-4918FCB506DA}.Release|Any CPU.Build.0 = Release|Any CPU
		{34D1541F-F058-4F91-8289-6985CD0A21AE}.Debug|Any CPU.ActiveCfg = Debug|Any CPU
		{34D1541F-F058-4F91-8289-6985CD0A21AE}.Debug|Any CPU.Build.0 = Debug|Any CPU
		{34D1541F-F058-4F91-8289-6985CD0A21AE}.Release|Any CPU.ActiveCfg = Release|Any CPU
		{34D1541F-F058-4F91-8289-6985CD0A21AE}.Release|Any CPU.Build.0 = Release|Any CPU
		{CF3BDDF5-7E5E-456C-A643-DC8AF9612EBB}.Debug|Any CPU.ActiveCfg = Debug|Any CPU
		{CF3BDDF5-7E5E-456C-A643-DC8AF9612EBB}.Debug|Any CPU.Build.0 = Debug|Any CPU
		{CF3BDDF5-7E5E-456C-A643-DC8AF9612EBB}.Release|Any CPU.ActiveCfg = Release|Any CPU
		{CF3BDDF5-7E5E-456C-A643-DC8AF9612EBB}.Release|Any CPU.Build.0 = Release|Any CPU
		{C32D658E-2D8E-43AA-A79C-1450AC8A180A}.Debug|Any CPU.ActiveCfg = Debug|Any CPU
		{C32D658E-2D8E-43AA-A79C-1450AC8A180A}.Debug|Any CPU.Build.0 = Debug|Any CPU
		{C32D658E-2D8E-43AA-A79C-1450AC8A180A}.Release|Any CPU.ActiveCfg = Release|Any CPU
		{C32D658E-2D8E-43AA-A79C-1450AC8A180A}.Release|Any CPU.Build.0 = Release|Any CPU
		{042C35D9-CB9F-4023-9CF3-AE5893D9E3CC}.Debug|Any CPU.ActiveCfg = Debug|Any CPU
		{042C35D9-CB9F-4023-9CF3-AE5893D9E3CC}.Debug|Any CPU.Build.0 = Debug|Any CPU
		{042C35D9-CB9F-4023-9CF3-AE5893D9E3CC}.Release|Any CPU.ActiveCfg = Release|Any CPU
		{042C35D9-CB9F-4023-9CF3-AE5893D9E3CC}.Release|Any CPU.Build.0 = Release|Any CPU
	EndGlobalSection
	GlobalSection(SolutionProperties) = preSolution
		HideSolutionNode = FALSE
	EndGlobalSection
	GlobalSection(ExtensibilityGlobals) = postSolution
		SolutionGuid = {759056F0-4F73-4267-9B9D-D23BEC1D21FF}
	EndGlobalSection
EndGlobal
