
Microsoft Visual Studio Solution File, Format Version 12.00
# Visual Studio Version 17
VisualStudioVersion = 17.3.32825.248
MinimumVisualStudioVersion = 10.0.40219.1
Project("{FAE04EC0-301F-11D3-BF4B-00C04F79EFBC}") = "WindowsFormsApp1116", "WindowsFormsApp1116\WindowsFormsApp1116.csproj", "{CF51C29E-600B-4638-924D-6C3635D067EB}"
EndProject
Global
	GlobalSection(SolutionConfigurationPlatforms) = preSolution
		Debug|Any CPU = Debug|Any CPU
		Release|Any CPU = Release|Any CPU
	EndGlobalSection
	GlobalSection(ProjectConfigurationPlatforms) = postSolution
		{CF51C29E-600B-4638-924D-6C3635D067EB}.Debug|Any CPU.ActiveCfg = Debug|Any CPU
		{CF51C29E-600B-4638-924D-6C3635D067EB}.Debug|Any CPU.Build.0 = Debug|Any CPU
		{CF51C29E-600B-4638-924D-6C3635D067EB}.Release|Any CPU.ActiveCfg = Release|Any CPU
		{CF51C29E-600B-4638-924D-6C3635D067EB}.Release|Any CPU.Build.0 = Release|Any CPU
	EndGlobalSection
	GlobalSection(SolutionProperties) = preSolution
		HideSolutionNode = FALSE
	EndGlobalSection
	GlobalSection(ExtensibilityGlobals) = postSolution
		SolutionGuid = {939C9059-2A24-400B-9788-9F192603C88B}
	EndGlobalSection
EndGlobal
