
Microsoft Visual Studio Solution File, Format Version 12.00
# Visual Studio Version 17
VisualStudioVersion = 17.2.32630.192
MinimumVisualStudioVersion = 10.0.40219.1
Project("{FAE04EC0-301F-11D3-BF4B-00C04F79EFBC}") = "ch5-8", "ch5-8\ch5-8.csproj", "{CD0F38EE-01FE-47BE-B534-9B138DF40888}"
EndProject
Project("{FAE04EC0-301F-11D3-BF4B-00C04F79EFBC}") = "ch5-9", "ch5-9\ch5-9.csproj", "{1817E59A-C7BA-418F-93F2-CEBC899A18C4}"
EndProject
Global
	GlobalSection(SolutionConfigurationPlatforms) = preSolution
		Debug|Any CPU = Debug|Any CPU
		Release|Any CPU = Release|Any CPU
	EndGlobalSection
	GlobalSection(ProjectConfigurationPlatforms) = postSolution
		{CD0F38EE-01FE-47BE-B534-9B138DF40888}.Debug|Any CPU.ActiveCfg = Debug|Any CPU
		{CD0F38EE-01FE-47BE-B534-9B138DF40888}.Debug|Any CPU.Build.0 = Debug|Any CPU
		{CD0F38EE-01FE-47BE-B534-9B138DF40888}.Release|Any CPU.ActiveCfg = Release|Any CPU
		{CD0F38EE-01FE-47BE-B534-9B138DF40888}.Release|Any CPU.Build.0 = Release|Any CPU
		{1817E59A-C7BA-418F-93F2-CEBC899A18C4}.Debug|Any CPU.ActiveCfg = Debug|Any CPU
		{1817E59A-C7BA-418F-93F2-CEBC899A18C4}.Debug|Any CPU.Build.0 = Debug|Any CPU
		{1817E59A-C7BA-418F-93F2-CEBC899A18C4}.Release|Any CPU.ActiveCfg = Release|Any CPU
		{1817E59A-C7BA-418F-93F2-CEBC899A18C4}.Release|Any CPU.Build.0 = Release|Any CPU
	EndGlobalSection
	GlobalSection(SolutionProperties) = preSolution
		HideSolutionNode = FALSE
	EndGlobalSection
	GlobalSection(ExtensibilityGlobals) = postSolution
		SolutionGuid = {E8840653-8D6B-4AA2-8A09-32874D5C3A6E}
	EndGlobalSection
EndGlobal
