
Microsoft Visual Studio Solution File, Format Version 12.00
# Visual Studio Version 17
VisualStudioVersion = 17.2.32630.192
MinimumVisualStudioVersion = 10.0.40219.1
Project("{FAE04EC0-301F-11D3-BF4B-00C04F79EFBC}") = "ch5-8", "ch5-8\ch5-8.csproj", "{CD0F38EE-01FE-47BE-B534-9B138DF40888}"
EndProject
Project("{FAE04EC0-301F-11D3-BF4B-00C04F79EFBC}") = "ch5-9", "ch5-9\ch5-9.csproj", "{1817E59A-C7BA-418F-93F2-CEBC899A18C4}"
EndProject
Project("{FAE04EC0-301F-11D3-BF4B-00C04F79EFBC}") = "ex5-3", "ex5-3\ex5-3.csproj", "{3A9C1825-3FA6-4ACE-B2F9-2612660FAB4E}"
EndProject
Project("{FAE04EC0-301F-11D3-BF4B-00C04F79EFBC}") = "ex5-4", "ex5-4\ex5-4.csproj", "{8C5DA03C-094B-401B-B6EC-513C01041504}"
EndProject
Project("{FAE04EC0-301F-11D3-BF4B-00C04F79EFBC}") = "ex5-5", "ex5-5\ex5-5.csproj", "{7E53C19D-5BAD-4CF4-A379-988B1616559F}"
EndProject
Project("{FAE04EC0-301F-11D3-BF4B-00C04F79EFBC}") = "ex5-6", "ex5-6\ex5-6.csproj", "{EF4C9869-6692-42FB-ABFE-A929B58B10D3}"
EndProject
Global
	GlobalSection(SolutionConfigurationPlatforms) = preSolution
		Debug|Any CPU = Debug|Any CPU
		Release|Any CPU = Release|Any CPU
	EndGlobalSection
	GlobalSection(ProjectConfigurationPlatforms) = postSolution
		{CD0F38EE-01FE-47BE-B534-9B138DF40888}.Debug|Any CPU.ActiveCfg = Debug|Any CPU
		{CD0F38EE-01FE-47BE-B534-9B138DF40888}.Debug|Any CPU.Build.0 = Debug|Any CPU
		{CD0F38EE-01FE-47BE-B534-9B138DF40888}.Release|Any CPU.ActiveCfg = Release|Any CPU
		{CD0F38EE-01FE-47BE-B534-9B138DF40888}.Release|Any CPU.Build.0 = Release|Any CPU
		{1817E59A-C7BA-418F-93F2-CEBC899A18C4}.Debug|Any CPU.ActiveCfg = Debug|Any CPU
		{1817E59A-C7BA-418F-93F2-CEBC899A18C4}.Debug|Any CPU.Build.0 = Debug|Any CPU
		{1817E59A-C7BA-418F-93F2-CEBC899A18C4}.Release|Any CPU.ActiveCfg = Release|Any CPU
		{1817E59A-C7BA-418F-93F2-CEBC899A18C4}.Release|Any CPU.Build.0 = Release|Any CPU
		{3A9C1825-3FA6-4ACE-B2F9-2612660FAB4E}.Debug|Any CPU.ActiveCfg = Debug|Any CPU
		{3A9C1825-3FA6-4ACE-B2F9-2612660FAB4E}.Debug|Any CPU.Build.0 = Debug|Any CPU
		{3A9C1825-3FA6-4ACE-B2F9-2612660FAB4E}.Release|Any CPU.ActiveCfg = Release|Any CPU
		{3A9C1825-3FA6-4ACE-B2F9-2612660FAB4E}.Release|Any CPU.Build.0 = Release|Any CPU
		{8C5DA03C-094B-401B-B6EC-513C01041504}.Debug|Any CPU.ActiveCfg = Debug|Any CPU
		{8C5DA03C-094B-401B-B6EC-513C01041504}.Debug|Any CPU.Build.0 = Debug|Any CPU
		{8C5DA03C-094B-401B-B6EC-513C01041504}.Release|Any CPU.ActiveCfg = Release|Any CPU
		{8C5DA03C-094B-401B-B6EC-513C01041504}.Release|Any CPU.Build.0 = Release|Any CPU
		{7E53C19D-5BAD-4CF4-A379-988B1616559F}.Debug|Any CPU.ActiveCfg = Debug|Any CPU
		{7E53C19D-5BAD-4CF4-A379-988B1616559F}.Debug|Any CPU.Build.0 = Debug|Any CPU
		{7E53C19D-5BAD-4CF4-A379-988B1616559F}.Release|Any CPU.ActiveCfg = Release|Any CPU
		{7E53C19D-5BAD-4CF4-A379-988B1616559F}.Release|Any CPU.Build.0 = Release|Any CPU
		{EF4C9869-6692-42FB-ABFE-A929B58B10D3}.Debug|Any CPU.ActiveCfg = Debug|Any CPU
		{EF4C9869-6692-42FB-ABFE-A929B58B10D3}.Debug|Any CPU.Build.0 = Debug|Any CPU
		{EF4C9869-6692-42FB-ABFE-A929B58B10D3}.Release|Any CPU.ActiveCfg = Release|Any CPU
		{EF4C9869-6692-42FB-ABFE-A929B58B10D3}.Release|Any CPU.Build.0 = Release|Any CPU
	EndGlobalSection
	GlobalSection(SolutionProperties) = preSolution
		HideSolutionNode = FALSE
	EndGlobalSection
	GlobalSection(ExtensibilityGlobals) = postSolution
		SolutionGuid = {E8840653-8D6B-4AA2-8A09-32874D5C3A6E}
	EndGlobalSection
EndGlobal
